
Microsoft Visual Studio Solution File, Format Version 12.00
# Visual Studio Version 17
VisualStudioVersion = 17.4.33110.190
MinimumVisualStudioVersion = 10.0.40219.1
Project("{9A19103F-16F7-4668-BE54-9A1E7A4F7556}") = "Gd", "Gd\Gd.csproj", "{80963243-792D-463C-B7FF-9A08DF17723D}"
EndProject
Global
	GlobalSection(SolutionConfigurationPlatforms) = preSolution
		Debug|Any CPU = Debug|Any CPU
		Release|Any CPU = Release|Any CPU
	EndGlobalSection
	GlobalSection(ProjectConfigurationPlatforms) = postSolution
		{80963243-792D-463C-B7FF-9A08DF17723D}.Debug|Any CPU.ActiveCfg = Debug|Any CPU
		{80963243-792D-463C-B7FF-9A08DF17723D}.Debug|Any CPU.Build.0 = Debug|Any CPU
		{80963243-792D-463C-B7FF-9A08DF17723D}.Release|Any CPU.ActiveCfg = Release|Any CPU
		{80963243-792D-463C-B7FF-9A08DF17723D}.Release|Any CPU.Build.0 = Release|Any CPU
	EndGlobalSection
	GlobalSection(SolutionProperties) = preSolution
		HideSolutionNode = FALSE
	EndGlobalSection
	GlobalSection(ExtensibilityGlobals) = postSolution
		SolutionGuid = {5BCFADE1-5801-4665-888F-CFBE8254C71A}
	EndGlobalSection
EndGlobal
